
Microsoft Visual Studio Solution File, Format Version 12.00
# Visual Studio Version 17
VisualStudioVersion = 17.0.31903.59
MinimumVisualStudioVersion = 10.0.40219.1
Project("{9A19103F-16F7-4668-BE54-9A1E7A4F7556}") = "CircularSlider.Maui", "CircularSlider.Maui\CircularSlider.Maui.csproj", "{94D462D0-A434-4214-84DA-4D2A95F63544}"
EndProject
Project("{9A19103F-16F7-4668-BE54-9A1E7A4F7556}") = "CircularSliderSample", "CircularSliderSample\CircularSliderSample.csproj", "{A6F28664-82BB-4FCB-A0E8-961EC56B327D}"
EndProject
Global
	GlobalSection(SolutionConfigurationPlatforms) = preSolution
		Debug|Any CPU = Debug|Any CPU
		Release|Any CPU = Release|Any CPU
	EndGlobalSection
	GlobalSection(ProjectConfigurationPlatforms) = postSolution
		{94D462D0-A434-4214-84DA-4D2A95F63544}.Debug|Any CPU.ActiveCfg = Debug|Any CPU
		{94D462D0-A434-4214-84DA-4D2A95F63544}.Debug|Any CPU.Build.0 = Debug|Any CPU
		{94D462D0-A434-4214-84DA-4D2A95F63544}.Release|Any CPU.ActiveCfg = Release|Any CPU
		{94D462D0-A434-4214-84DA-4D2A95F63544}.Release|Any CPU.Build.0 = Release|Any CPU
		{A6F28664-82BB-4FCB-A0E8-961EC56B327D}.Debug|Any CPU.ActiveCfg = Debug|Any CPU
		{A6F28664-82BB-4FCB-A0E8-961EC56B327D}.Debug|Any CPU.Build.0 = Debug|Any CPU
		{A6F28664-82BB-4FCB-A0E8-961EC56B327D}.Debug|Any CPU.Deploy.0 = Debug|Any CPU
		{A6F28664-82BB-4FCB-A0E8-961EC56B327D}.Release|Any CPU.ActiveCfg = Release|Any CPU
		{A6F28664-82BB-4FCB-A0E8-961EC56B327D}.Release|Any CPU.Build.0 = Release|Any CPU
	EndGlobalSection
	GlobalSection(SolutionProperties) = preSolution
		HideSolutionNode = FALSE
	EndGlobalSection
EndGlobal
