
Microsoft Visual Studio Solution File, Format Version 12.00
# Visual Studio Version 17
VisualStudioVersion = 17.5.002.0
MinimumVisualStudioVersion = 10.0.40219.1
Project("{9A19103F-16F7-4668-BE54-9A1E7A4F7556}") = "CircularSlider.Maui", "CircularSlider.Maui.csproj", "{A3501CD2-2F01-40A8-B4F4-23811E0DAB72}"
EndProject
Global
	GlobalSection(SolutionConfigurationPlatforms) = preSolution
		Debug|Any CPU = Debug|Any CPU
		Release|Any CPU = Release|Any CPU
	EndGlobalSection
	GlobalSection(ProjectConfigurationPlatforms) = postSolution
		{A3501CD2-2F01-40A8-B4F4-23811E0DAB72}.Debug|Any CPU.ActiveCfg = Debug|Any CPU
		{A3501CD2-2F01-40A8-B4F4-23811E0DAB72}.Debug|Any CPU.Build.0 = Debug|Any CPU
		{A3501CD2-2F01-40A8-B4F4-23811E0DAB72}.Release|Any CPU.ActiveCfg = Release|Any CPU
		{A3501CD2-2F01-40A8-B4F4-23811E0DAB72}.Release|Any CPU.Build.0 = Release|Any CPU
	EndGlobalSection
	GlobalSection(SolutionProperties) = preSolution
		HideSolutionNode = FALSE
	EndGlobalSection
	GlobalSection(ExtensibilityGlobals) = postSolution
		SolutionGuid = {40892832-5C01-46ED-8934-CDAA60547DCD}
	EndGlobalSection
EndGlobal
