
Microsoft Visual Studio Solution File, Format Version 12.00
# Visual Studio Version 16
VisualStudioVersion = 16.0.30611.23
MinimumVisualStudioVersion = 10.0.40219.1
Project("{9A19103F-16F7-4668-BE54-9A1E7A4F7556}") = "CircularSliderSample", "CircularSliderSample\CircularSliderSample\CircularSliderSample.csproj", "{C04750BF-DB05-448B-85F2-2A195FB746B4}"
EndProject
Project("{FAE04EC0-301F-11D3-BF4B-00C04F79EFBC}") = "CircularSliderSample.Android", "CircularSliderSample\CircularSliderSample.Android\CircularSliderSample.Android.csproj", "{B40D0D35-EB1F-4042-AA17-B2076C91F642}"
EndProject
Project("{FAE04EC0-301F-11D3-BF4B-00C04F79EFBC}") = "CircularSliderSample.iOS", "CircularSliderSample\CircularSliderSample.iOS\CircularSliderSample.iOS.csproj", "{8078C2CB-2F09-4D1A-B9AE-E4FF245D6E8B}"
EndProject
Project("{9A19103F-16F7-4668-BE54-9A1E7A4F7556}") = "CC.CircularSlider.Forms", "..\src\CC.CircularSlider.Forms\CC.CircularSlider.Forms.csproj", "{CC099E20-6432-44EC-9E90-7F92E1F4FFB6}"
EndProject
Global
	GlobalSection(SolutionConfigurationPlatforms) = preSolution
		Ad-Hoc|Any CPU = Ad-Hoc|Any CPU
		Ad-Hoc|iPhone = Ad-Hoc|iPhone
		Ad-Hoc|iPhoneSimulator = Ad-Hoc|iPhoneSimulator
		AppStore|Any CPU = AppStore|Any CPU
		AppStore|iPhone = AppStore|iPhone
		AppStore|iPhoneSimulator = AppStore|iPhoneSimulator
		Debug|Any CPU = Debug|Any CPU
		Debug|iPhone = Debug|iPhone
		Debug|iPhoneSimulator = Debug|iPhoneSimulator
		Release|Any CPU = Release|Any CPU
		Release|iPhone = Release|iPhone
		Release|iPhoneSimulator = Release|iPhoneSimulator
	EndGlobalSection
	GlobalSection(ProjectConfigurationPlatforms) = postSolution
		{C04750BF-DB05-448B-85F2-2A195FB746B4}.Ad-Hoc|Any CPU.ActiveCfg = Release|Any CPU
		{C04750BF-DB05-448B-85F2-2A195FB746B4}.Ad-Hoc|Any CPU.Build.0 = Release|Any CPU
		{C04750BF-DB05-448B-85F2-2A195FB746B4}.Ad-Hoc|iPhone.ActiveCfg = Debug|Any CPU
		{C04750BF-DB05-448B-85F2-2A195FB746B4}.Ad-Hoc|iPhone.Build.0 = Debug|Any CPU
		{C04750BF-DB05-448B-85F2-2A195FB746B4}.Ad-Hoc|iPhoneSimulator.ActiveCfg = Release|Any CPU
		{C04750BF-DB05-448B-85F2-2A195FB746B4}.Ad-Hoc|iPhoneSimulator.Build.0 = Release|Any CPU
		{C04750BF-DB05-448B-85F2-2A195FB746B4}.AppStore|Any CPU.ActiveCfg = Release|Any CPU
		{C04750BF-DB05-448B-85F2-2A195FB746B4}.AppStore|Any CPU.Build.0 = Release|Any CPU
		{C04750BF-DB05-448B-85F2-2A195FB746B4}.AppStore|iPhone.ActiveCfg = Debug|Any CPU
		{C04750BF-DB05-448B-85F2-2A195FB746B4}.AppStore|iPhone.Build.0 = Debug|Any CPU
		{C04750BF-DB05-448B-85F2-2A195FB746B4}.AppStore|iPhoneSimulator.ActiveCfg = Release|Any CPU
		{C04750BF-DB05-448B-85F2-2A195FB746B4}.AppStore|iPhoneSimulator.Build.0 = Release|Any CPU
		{C04750BF-DB05-448B-85F2-2A195FB746B4}.Debug|Any CPU.ActiveCfg = Debug|Any CPU
		{C04750BF-DB05-448B-85F2-2A195FB746B4}.Debug|Any CPU.Build.0 = Debug|Any CPU
		{C04750BF-DB05-448B-85F2-2A195FB746B4}.Debug|iPhone.ActiveCfg = Debug|Any CPU
		{C04750BF-DB05-448B-85F2-2A195FB746B4}.Debug|iPhone.Build.0 = Debug|Any CPU
		{C04750BF-DB05-448B-85F2-2A195FB746B4}.Debug|iPhoneSimulator.ActiveCfg = Debug|Any CPU
		{C04750BF-DB05-448B-85F2-2A195FB746B4}.Debug|iPhoneSimulator.Build.0 = Debug|Any CPU
		{C04750BF-DB05-448B-85F2-2A195FB746B4}.Release|Any CPU.ActiveCfg = Release|Any CPU
		{C04750BF-DB05-448B-85F2-2A195FB746B4}.Release|Any CPU.Build.0 = Release|Any CPU
		{C04750BF-DB05-448B-85F2-2A195FB746B4}.Release|iPhone.ActiveCfg = Release|Any CPU
		{C04750BF-DB05-448B-85F2-2A195FB746B4}.Release|iPhone.Build.0 = Release|Any CPU
		{C04750BF-DB05-448B-85F2-2A195FB746B4}.Release|iPhoneSimulator.ActiveCfg = Release|Any CPU
		{C04750BF-DB05-448B-85F2-2A195FB746B4}.Release|iPhoneSimulator.Build.0 = Release|Any CPU
		{B40D0D35-EB1F-4042-AA17-B2076C91F642}.Ad-Hoc|Any CPU.ActiveCfg = Release|Any CPU
		{B40D0D35-EB1F-4042-AA17-B2076C91F642}.Ad-Hoc|Any CPU.Build.0 = Release|Any CPU
		{B40D0D35-EB1F-4042-AA17-B2076C91F642}.Ad-Hoc|Any CPU.Deploy.0 = Release|Any CPU
		{B40D0D35-EB1F-4042-AA17-B2076C91F642}.Ad-Hoc|iPhone.ActiveCfg = Debug|Any CPU
		{B40D0D35-EB1F-4042-AA17-B2076C91F642}.Ad-Hoc|iPhone.Build.0 = Debug|Any CPU
		{B40D0D35-EB1F-4042-AA17-B2076C91F642}.Ad-Hoc|iPhone.Deploy.0 = Debug|Any CPU
		{B40D0D35-EB1F-4042-AA17-B2076C91F642}.Ad-Hoc|iPhoneSimulator.ActiveCfg = Release|Any CPU
		{B40D0D35-EB1F-4042-AA17-B2076C91F642}.Ad-Hoc|iPhoneSimulator.Build.0 = Release|Any CPU
		{B40D0D35-EB1F-4042-AA17-B2076C91F642}.Ad-Hoc|iPhoneSimulator.Deploy.0 = Release|Any CPU
		{B40D0D35-EB1F-4042-AA17-B2076C91F642}.AppStore|Any CPU.ActiveCfg = Release|Any CPU
		{B40D0D35-EB1F-4042-AA17-B2076C91F642}.AppStore|Any CPU.Build.0 = Release|Any CPU
		{B40D0D35-EB1F-4042-AA17-B2076C91F642}.AppStore|Any CPU.Deploy.0 = Release|Any CPU
		{B40D0D35-EB1F-4042-AA17-B2076C91F642}.AppStore|iPhone.ActiveCfg = Debug|Any CPU
		{B40D0D35-EB1F-4042-AA17-B2076C91F642}.AppStore|iPhone.Build.0 = Debug|Any CPU
		{B40D0D35-EB1F-4042-AA17-B2076C91F642}.AppStore|iPhone.Deploy.0 = Debug|Any CPU
		{B40D0D35-EB1F-4042-AA17-B2076C91F642}.AppStore|iPhoneSimulator.ActiveCfg = Release|Any CPU
		{B40D0D35-EB1F-4042-AA17-B2076C91F642}.AppStore|iPhoneSimulator.Build.0 = Release|Any CPU
		{B40D0D35-EB1F-4042-AA17-B2076C91F642}.AppStore|iPhoneSimulator.Deploy.0 = Release|Any CPU
		{B40D0D35-EB1F-4042-AA17-B2076C91F642}.Debug|Any CPU.ActiveCfg = Debug|Any CPU
		{B40D0D35-EB1F-4042-AA17-B2076C91F642}.Debug|Any CPU.Build.0 = Debug|Any CPU
		{B40D0D35-EB1F-4042-AA17-B2076C91F642}.Debug|Any CPU.Deploy.0 = Debug|Any CPU
		{B40D0D35-EB1F-4042-AA17-B2076C91F642}.Debug|iPhone.ActiveCfg = Debug|Any CPU
		{B40D0D35-EB1F-4042-AA17-B2076C91F642}.Debug|iPhone.Build.0 = Debug|Any CPU
		{B40D0D35-EB1F-4042-AA17-B2076C91F642}.Debug|iPhone.Deploy.0 = Debug|Any CPU
		{B40D0D35-EB1F-4042-AA17-B2076C91F642}.Debug|iPhoneSimulator.ActiveCfg = Debug|Any CPU
		{B40D0D35-EB1F-4042-AA17-B2076C91F642}.Debug|iPhoneSimulator.Build.0 = Debug|Any CPU
		{B40D0D35-EB1F-4042-AA17-B2076C91F642}.Debug|iPhoneSimulator.Deploy.0 = Debug|Any CPU
		{B40D0D35-EB1F-4042-AA17-B2076C91F642}.Release|Any CPU.ActiveCfg = Release|Any CPU
		{B40D0D35-EB1F-4042-AA17-B2076C91F642}.Release|Any CPU.Build.0 = Release|Any CPU
		{B40D0D35-EB1F-4042-AA17-B2076C91F642}.Release|Any CPU.Deploy.0 = Release|Any CPU
		{B40D0D35-EB1F-4042-AA17-B2076C91F642}.Release|iPhone.ActiveCfg = Release|Any CPU
		{B40D0D35-EB1F-4042-AA17-B2076C91F642}.Release|iPhone.Build.0 = Release|Any CPU
		{B40D0D35-EB1F-4042-AA17-B2076C91F642}.Release|iPhone.Deploy.0 = Release|Any CPU
		{B40D0D35-EB1F-4042-AA17-B2076C91F642}.Release|iPhoneSimulator.ActiveCfg = Release|Any CPU
		{B40D0D35-EB1F-4042-AA17-B2076C91F642}.Release|iPhoneSimulator.Build.0 = Release|Any CPU
		{B40D0D35-EB1F-4042-AA17-B2076C91F642}.Release|iPhoneSimulator.Deploy.0 = Release|Any CPU
		{8078C2CB-2F09-4D1A-B9AE-E4FF245D6E8B}.Ad-Hoc|Any CPU.ActiveCfg = Ad-Hoc|iPhoneSimulator
		{8078C2CB-2F09-4D1A-B9AE-E4FF245D6E8B}.Ad-Hoc|iPhone.ActiveCfg = Ad-Hoc|iPhone
		{8078C2CB-2F09-4D1A-B9AE-E4FF245D6E8B}.Ad-Hoc|iPhone.Build.0 = Ad-Hoc|iPhone
		{8078C2CB-2F09-4D1A-B9AE-E4FF245D6E8B}.Ad-Hoc|iPhone.Deploy.0 = Ad-Hoc|iPhone
		{8078C2CB-2F09-4D1A-B9AE-E4FF245D6E8B}.Ad-Hoc|iPhoneSimulator.ActiveCfg = Ad-Hoc|iPhoneSimulator
		{8078C2CB-2F09-4D1A-B9AE-E4FF245D6E8B}.Ad-Hoc|iPhoneSimulator.Build.0 = Ad-Hoc|iPhoneSimulator
		{8078C2CB-2F09-4D1A-B9AE-E4FF245D6E8B}.AppStore|Any CPU.ActiveCfg = AppStore|iPhoneSimulator
		{8078C2CB-2F09-4D1A-B9AE-E4FF245D6E8B}.AppStore|iPhone.ActiveCfg = AppStore|iPhone
		{8078C2CB-2F09-4D1A-B9AE-E4FF245D6E8B}.AppStore|iPhone.Build.0 = AppStore|iPhone
		{8078C2CB-2F09-4D1A-B9AE-E4FF245D6E8B}.AppStore|iPhone.Deploy.0 = AppStore|iPhone
		{8078C2CB-2F09-4D1A-B9AE-E4FF245D6E8B}.AppStore|iPhoneSimulator.ActiveCfg = AppStore|iPhoneSimulator
		{8078C2CB-2F09-4D1A-B9AE-E4FF245D6E8B}.AppStore|iPhoneSimulator.Build.0 = AppStore|iPhoneSimulator
		{8078C2CB-2F09-4D1A-B9AE-E4FF245D6E8B}.Debug|Any CPU.ActiveCfg = Debug|iPhoneSimulator
		{8078C2CB-2F09-4D1A-B9AE-E4FF245D6E8B}.Debug|Any CPU.Build.0 = Debug|iPhoneSimulator
		{8078C2CB-2F09-4D1A-B9AE-E4FF245D6E8B}.Debug|Any CPU.Deploy.0 = Debug|iPhoneSimulator
		{8078C2CB-2F09-4D1A-B9AE-E4FF245D6E8B}.Debug|iPhone.ActiveCfg = Debug|iPhone
		{8078C2CB-2F09-4D1A-B9AE-E4FF245D6E8B}.Debug|iPhone.Build.0 = Debug|iPhone
		{8078C2CB-2F09-4D1A-B9AE-E4FF245D6E8B}.Debug|iPhone.Deploy.0 = Debug|iPhone
		{8078C2CB-2F09-4D1A-B9AE-E4FF245D6E8B}.Debug|iPhoneSimulator.ActiveCfg = Debug|iPhoneSimulator
		{8078C2CB-2F09-4D1A-B9AE-E4FF245D6E8B}.Debug|iPhoneSimulator.Build.0 = Debug|iPhoneSimulator
		{8078C2CB-2F09-4D1A-B9AE-E4FF245D6E8B}.Debug|iPhoneSimulator.Deploy.0 = Debug|iPhoneSimulator
		{8078C2CB-2F09-4D1A-B9AE-E4FF245D6E8B}.Release|Any CPU.ActiveCfg = Release|iPhoneSimulator
		{8078C2CB-2F09-4D1A-B9AE-E4FF245D6E8B}.Release|Any CPU.Build.0 = Release|iPhoneSimulator
		{8078C2CB-2F09-4D1A-B9AE-E4FF245D6E8B}.Release|Any CPU.Deploy.0 = Release|iPhoneSimulator
		{8078C2CB-2F09-4D1A-B9AE-E4FF245D6E8B}.Release|iPhone.ActiveCfg = Release|iPhone
		{8078C2CB-2F09-4D1A-B9AE-E4FF245D6E8B}.Release|iPhone.Build.0 = Release|iPhone
		{8078C2CB-2F09-4D1A-B9AE-E4FF245D6E8B}.Release|iPhone.Deploy.0 = Release|iPhone
		{8078C2CB-2F09-4D1A-B9AE-E4FF245D6E8B}.Release|iPhoneSimulator.ActiveCfg = Release|iPhoneSimulator
		{8078C2CB-2F09-4D1A-B9AE-E4FF245D6E8B}.Release|iPhoneSimulator.Build.0 = Release|iPhoneSimulator
		{8078C2CB-2F09-4D1A-B9AE-E4FF245D6E8B}.Release|iPhoneSimulator.Deploy.0 = Release|iPhoneSimulator
		{CC099E20-6432-44EC-9E90-7F92E1F4FFB6}.Ad-Hoc|Any CPU.ActiveCfg = Debug|Any CPU
		{CC099E20-6432-44EC-9E90-7F92E1F4FFB6}.Ad-Hoc|Any CPU.Build.0 = Debug|Any CPU
		{CC099E20-6432-44EC-9E90-7F92E1F4FFB6}.Ad-Hoc|iPhone.ActiveCfg = Debug|Any CPU
		{CC099E20-6432-44EC-9E90-7F92E1F4FFB6}.Ad-Hoc|iPhone.Build.0 = Debug|Any CPU
		{CC099E20-6432-44EC-9E90-7F92E1F4FFB6}.Ad-Hoc|iPhoneSimulator.ActiveCfg = Debug|Any CPU
		{CC099E20-6432-44EC-9E90-7F92E1F4FFB6}.Ad-Hoc|iPhoneSimulator.Build.0 = Debug|Any CPU
		{CC099E20-6432-44EC-9E90-7F92E1F4FFB6}.AppStore|Any CPU.ActiveCfg = Debug|Any CPU
		{CC099E20-6432-44EC-9E90-7F92E1F4FFB6}.AppStore|Any CPU.Build.0 = Debug|Any CPU
		{CC099E20-6432-44EC-9E90-7F92E1F4FFB6}.AppStore|iPhone.ActiveCfg = Debug|Any CPU
		{CC099E20-6432-44EC-9E90-7F92E1F4FFB6}.AppStore|iPhone.Build.0 = Debug|Any CPU
		{CC099E20-6432-44EC-9E90-7F92E1F4FFB6}.AppStore|iPhoneSimulator.ActiveCfg = Debug|Any CPU
		{CC099E20-6432-44EC-9E90-7F92E1F4FFB6}.AppStore|iPhoneSimulator.Build.0 = Debug|Any CPU
		{CC099E20-6432-44EC-9E90-7F92E1F4FFB6}.Debug|Any CPU.ActiveCfg = Debug|Any CPU
		{CC099E20-6432-44EC-9E90-7F92E1F4FFB6}.Debug|Any CPU.Build.0 = Debug|Any CPU
		{CC099E20-6432-44EC-9E90-7F92E1F4FFB6}.Debug|iPhone.ActiveCfg = Debug|Any CPU
		{CC099E20-6432-44EC-9E90-7F92E1F4FFB6}.Debug|iPhone.Build.0 = Debug|Any CPU
		{CC099E20-6432-44EC-9E90-7F92E1F4FFB6}.Debug|iPhoneSimulator.ActiveCfg = Debug|Any CPU
		{CC099E20-6432-44EC-9E90-7F92E1F4FFB6}.Debug|iPhoneSimulator.Build.0 = Debug|Any CPU
		{CC099E20-6432-44EC-9E90-7F92E1F4FFB6}.Release|Any CPU.ActiveCfg = Release|Any CPU
		{CC099E20-6432-44EC-9E90-7F92E1F4FFB6}.Release|Any CPU.Build.0 = Release|Any CPU
		{CC099E20-6432-44EC-9E90-7F92E1F4FFB6}.Release|iPhone.ActiveCfg = Release|Any CPU
		{CC099E20-6432-44EC-9E90-7F92E1F4FFB6}.Release|iPhone.Build.0 = Release|Any CPU
		{CC099E20-6432-44EC-9E90-7F92E1F4FFB6}.Release|iPhoneSimulator.ActiveCfg = Release|Any CPU
		{CC099E20-6432-44EC-9E90-7F92E1F4FFB6}.Release|iPhoneSimulator.Build.0 = Release|Any CPU
	EndGlobalSection
	GlobalSection(SolutionProperties) = preSolution
		HideSolutionNode = FALSE
	EndGlobalSection
	GlobalSection(ExtensibilityGlobals) = postSolution
		SolutionGuid = {6C352E1E-D9FC-4FA0-842B-DFEB2CA13097}
	EndGlobalSection
EndGlobal
