
Microsoft Visual Studio Solution File, Format Version 12.00
Project("{FAE04EC0-301F-11D3-BF4B-00C04F79EFBC}") = "CircularSliderSample", "CircularSliderSample\CircularSliderSample.csproj", "{CFB72A29-5303-4FB0-A070-0A3A10BA5AF5}"
EndProject
Global
	GlobalSection(SolutionConfigurationPlatforms) = preSolution
		Debug|Any CPU = Debug|Any CPU
		Release|Any CPU = Release|Any CPU
	EndGlobalSection
	GlobalSection(ProjectConfigurationPlatforms) = postSolution
		{CFB72A29-5303-4FB0-A070-0A3A10BA5AF5}.Debug|Any CPU.ActiveCfg = Debug|Any CPU
		{CFB72A29-5303-4FB0-A070-0A3A10BA5AF5}.Debug|Any CPU.Build.0 = Debug|Any CPU
		{CFB72A29-5303-4FB0-A070-0A3A10BA5AF5}.Release|Any CPU.ActiveCfg = Release|Any CPU
		{CFB72A29-5303-4FB0-A070-0A3A10BA5AF5}.Release|Any CPU.Build.0 = Release|Any CPU
	EndGlobalSection
EndGlobal
