
Microsoft Visual Studio Solution File, Format Version 12.00
# Visual Studio Version 16
VisualStudioVersion = 16.0.30611.23
MinimumVisualStudioVersion = 10.0.40219.1
Project("{9A19103F-16F7-4668-BE54-9A1E7A4F7556}") = "CC.CircularSlider.Forms", "CC.CircularSlider.Forms\CC.CircularSlider.Forms.csproj", "{ADF4E558-F3AC-4667-B072-69E8E3E7476C}"
EndProject
Global
	GlobalSection(SolutionConfigurationPlatforms) = preSolution
		Debug|Any CPU = Debug|Any CPU
		Release|Any CPU = Release|Any CPU
	EndGlobalSection
	GlobalSection(ProjectConfigurationPlatforms) = postSolution
		{ADF4E558-F3AC-4667-B072-69E8E3E7476C}.Debug|Any CPU.ActiveCfg = Debug|Any CPU
		{ADF4E558-F3AC-4667-B072-69E8E3E7476C}.Debug|Any CPU.Build.0 = Debug|Any CPU
		{ADF4E558-F3AC-4667-B072-69E8E3E7476C}.Release|Any CPU.ActiveCfg = Release|Any CPU
		{ADF4E558-F3AC-4667-B072-69E8E3E7476C}.Release|Any CPU.Build.0 = Release|Any CPU
		{EA6B3CEE-A755-4D5F-B864-BECA5A91985F}.Debug|Any CPU.ActiveCfg = Debug|Any CPU
		{EA6B3CEE-A755-4D5F-B864-BECA5A91985F}.Debug|Any CPU.Build.0 = Debug|Any CPU
		{EA6B3CEE-A755-4D5F-B864-BECA5A91985F}.Release|Any CPU.ActiveCfg = Release|Any CPU
		{EA6B3CEE-A755-4D5F-B864-BECA5A91985F}.Release|Any CPU.Build.0 = Release|Any CPU
	EndGlobalSection
	GlobalSection(SolutionProperties) = preSolution
		HideSolutionNode = FALSE
	EndGlobalSection
	GlobalSection(ExtensibilityGlobals) = postSolution
		SolutionGuid = {A936A6CD-FEC3-40A1-B22D-1351FBA0DEFF}
	EndGlobalSection
EndGlobal
